dependencies:
- name: ingress-nginx
  repository: https://kubernetes.github.io/ingress-nginx
  version: 4.10.1
- name: cert-manager
  repository: https://charts.jetstack.io
  version: v1.15.0
- name: metrics-server
  repository: https://kubernetes-sigs.github.io/metrics-server/
  version: 3.12.1
- name: kong
  repository: https://charts.konghq.com
  version: 2.38.0
digest: sha256:327aae427828f74c6bf6074f7334d79a767b7a52d808495017f4738707105e8e
generated: "2024-06-19T11:55:18.373561159Z"
