dependencies:
- name: ingress-nginx
  repository: https://kubernetes.github.io/ingress-nginx
  version: 4.10.1
- name: cert-manager
  repository: https://charts.jetstack.io
  version: v1.14.5
- name: metrics-server
  repository: https://kubernetes-sigs.github.io/metrics-server/
  version: 3.12.1
- name: kong
  repository: https://charts.konghq.com
  version: 2.39.3
digest: sha256:97ea8513ff61a07a43750b6885cb36fa96707b7cecf69610635a40ca51ca5c41
generated: "2024-06-19T12:00:45.184686862Z"
