dependencies:
- name: crds
  repository: ""
  version: 0.0.0
- name: kube-state-metrics
  repository: https://prometheus-community.github.io/helm-charts
  version: 6.1.0
- name: prometheus-node-exporter
  repository: https://prometheus-community.github.io/helm-charts
  version: 4.47.1
- name: grafana
  repository: https://grafana.github.io/helm-charts
  version: 9.2.10
- name: prometheus-windows-exporter
  repository: https://prometheus-community.github.io/helm-charts
  version: 0.10.3
digest: sha256:716875dba9ad9b789dadc0b249a9b87f6bc7d4d71f22d62d4b39b4f510b10477
generated: "2025-07-05T02:08:52.023474804Z"
